// !$*UTF8*$!
{
	archiveVersion = 1;
	classes = {
	};
	objectVersion = 48;
	objects = {

/* Begin PBXBuildFile section */
		948A4638205B19B500C62EF8 /* CPlusPlusGLKViewController.swift in Sources */ = {isa = PBXBuildFile; fileRef = 948A4637205B19B500C62EF8 /* CPlusPlusGLKViewController.swift */; };
		948A4642205B348400C62EF8 /* Triangle.cpp in Sources */ = {isa = PBXBuildFile; fileRef = 948A463D205B348400C62EF8 /* Triangle.cpp */; };
		948A4643205B348400C62EF8 /* Shader.cpp in Sources */ = {isa = PBXBuildFile; fileRef = 948A463E205B348400C62EF8 /* Shader.cpp */; };
		948A4644205B348400C62EF8 /* vertex.glsl in Resources */ = {isa = PBXBuildFile; fileRef = 948A4640205B348400C62EF8 /* vertex.glsl */; };
		948A4645205B348400C62EF8 /* fragment.glsl in Resources */ = {isa = PBXBuildFile; fileRef = 948A4641205B348400C62EF8 /* fragment.glsl */; };
		94E0E7DB2045C21D005BF9DD /* AppDelegate.swift in Sources */ = {isa = PBXBuildFile; fileRef = 94E0E7DA2045C21D005BF9DD /* AppDelegate.swift */; };
		94E0E7DD2045C21D005BF9DD /* SwiftGLKViewController.swift in Sources */ = {isa = PBXBuildFile; fileRef = 94E0E7DC2045C21D005BF9DD /* SwiftGLKViewController.swift */; };
		94E0E7E02045C21D005BF9DD /* Main.storyboard in Resources */ = {isa = PBXBuildFile; fileRef = 94E0E7DE2045C21D005BF9DD /* Main.storyboard */; };
		94E0E7E22045C21D005BF9DD /* Assets.xcassets in Resources */ = {isa = PBXBuildFile; fileRef = 94E0E7E12045C21D005BF9DD /* Assets.xcassets */; };
		94E0E7E52045C21D005BF9DD /* LaunchScreen.storyboard in Resources */ = {isa = PBXBuildFile; fileRef = 94E0E7E32045C21D005BF9DD /* LaunchScreen.storyboard */; };
		94E0E7F12045C395005BF9DD /* OpenGLES.framework in Frameworks */ = {isa = PBXBuildFile; fileRef = 94E0E7F02045C395005BF9DD /* OpenGLES.framework */; };
		94E0E7F4204717C5005BF9DD /* Vertex.swift in Sources */ = {isa = PBXBuildFile; fileRef = 94E0E7F3204717C5005BF9DD /* Vertex.swift */; };
		94E0E7F620471871005BF9DD /* SimpleVertex.glsl in Resources */ = {isa = PBXBuildFile; fileRef = 94E0E7F520471871005BF9DD /* SimpleVertex.glsl */; };
		94E0E7F820471881005BF9DD /* SimpleFragment.glsl in Resources */ = {isa = PBXBuildFile; fileRef = 94E0E7F720471881005BF9DD /* SimpleFragment.glsl */; };
		94E0E7FA20472158005BF9DD /* BaseEffect.swift in Sources */ = {isa = PBXBuildFile; fileRef = 94E0E7F920472158005BF9DD /* BaseEffect.swift */; };
/* End PBXBuildFile section */

/* Begin PBXFileReference section */
		948A4637205B19B500C62EF8 /* CPlusPlusGLKViewController.swift */ = {isa = PBXFileReference; lastKnownFileType = sourcecode.swift; path = CPlusPlusGLKViewController.swift; sourceTree = "<group>"; };
		948A463B205B348300C62EF8 /* OpenGLAprendiendo-iOS-Bridging-Header.h */ = {isa = PBXFileReference; lastKnownFileType = sourcecode.c.h; path = "OpenGLAprendiendo-iOS-Bridging-Header.h"; sourceTree = "<group>"; };
		948A463C205B348400C62EF8 /* Triangle.hpp */ = {isa = PBXFileReference; fileEncoding = 4; lastKnownFileType = sourcecode.cpp.h; path = Triangle.hpp; sourceTree = "<group>"; };
		948A463D205B348400C62EF8 /* Triangle.cpp */ = {isa = PBXFileReference; fileEncoding = 4; lastKnownFileType = sourcecode.cpp.cpp; path = Triangle.cpp; sourceTree = "<group>"; };
		948A463E205B348400C62EF8 /* Shader.cpp */ = {isa = PBXFileReference; fileEncoding = 4; lastKnownFileType = sourcecode.cpp.cpp; path = Shader.cpp; sourceTree = "<group>"; };
		948A463F205B348400C62EF8 /* Shader.hpp */ = {isa = PBXFileReference; fileEncoding = 4; lastKnownFileType = sourcecode.cpp.h; path = Shader.hpp; sourceTree = "<group>"; };
		948A4640205B348400C62EF8 /* vertex.glsl */ = {isa = PBXFileReference; fileEncoding = 4; lastKnownFileType = text; path = vertex.glsl; sourceTree = "<group>"; };
		948A4641205B348400C62EF8 /* fragment.glsl */ = {isa = PBXFileReference; fileEncoding = 4; lastKnownFileType = text; path = fragment.glsl; sourceTree = "<group>"; };
		94E0E7D72045C21D005BF9DD /* OpenGLAprendiendo-iOS.app */ = {isa = PBXFileReference; explicitFileType = wrapper.application; includeInIndex = 0; path = "OpenGLAprendiendo-iOS.app"; sourceTree = BUILT_PRODUCTS_DIR; };
		94E0E7DA2045C21D005BF9DD /* AppDelegate.swift */ = {isa = PBXFileReference; lastKnownFileType = sourcecode.swift; path = AppDelegate.swift; sourceTree = "<group>"; };
		94E0E7DC2045C21D005BF9DD /* SwiftGLKViewController.swift */ = {isa = PBXFileReference; lastKnownFileType = sourcecode.swift; path = SwiftGLKViewController.swift; sourceTree = "<group>"; };
		94E0E7DF2045C21D005BF9DD /* Base */ = {isa = PBXFileReference; lastKnownFileType = file.storyboard; name = Base; path = Base.lproj/Main.storyboard; sourceTree = "<group>"; };
		94E0E7E12045C21D005BF9DD /* Assets.xcassets */ = {isa = PBXFileReference; lastKnownFileType = folder.assetcatalog; path = Assets.xcassets; sourceTree = "<group>"; };
		94E0E7E42045C21D005BF9DD /* Base */ = {isa = PBXFileReference; lastKnownFileType = file.storyboard; name = Base; path = Base.lproj/LaunchScreen.storyboard; sourceTree = "<group>"; };
		94E0E7E62045C21D005BF9DD /* Info.plist */ = {isa = PBXFileReference; lastKnownFileType = text.plist.xml; path = Info.plist; sourceTree = "<group>"; };
		94E0E7F02045C395005BF9DD /* OpenGLES.framework */ = {isa = PBXFileReference; lastKnownFileType = wrapper.framework; name = OpenGLES.framework; path = System/Library/Frameworks/OpenGLES.framework; sourceTree = SDKROOT; };
		94E0E7F3204717C5005BF9DD /* Vertex.swift */ = {isa = PBXFileReference; lastKnownFileType = sourcecode.swift; path = Vertex.swift; sourceTree = "<group>"; };
		94E0E7F520471871005BF9DD /* SimpleVertex.glsl */ = {isa = PBXFileReference; lastKnownFileType = text; path = SimpleVertex.glsl; sourceTree = "<group>"; };
		94E0E7F720471881005BF9DD /* SimpleFragment.glsl */ = {isa = PBXFileReference; lastKnownFileType = text; path = SimpleFragment.glsl; sourceTree = "<group>"; };
		94E0E7F920472158005BF9DD /* BaseEffect.swift */ = {isa = PBXFileReference; lastKnownFileType = sourcecode.swift; path = BaseEffect.swift; sourceTree = "<group>"; };
/* End PBXFileReference section */

/* Begin PBXFrameworksBuildPhase section */
		94E0E7D42045C21D005BF9DD /* Frameworks */ = {
			isa = PBXFrameworksBuildPhase;
			buildActionMask = 2147483647;
			files = (
				94E0E7F12045C395005BF9DD /* OpenGLES.framework in Frameworks */,
			);
			runOnlyForDeploymentPostprocessing = 0;
		};
/* End PBXFrameworksBuildPhase section */

/* Begin PBXGroup section */
		948A4639205B341C00C62EF8 /* Swift OpenGL */ = {
			isa = PBXGroup;
			children = (
				94E0E7F720471881005BF9DD /* SimpleFragment.glsl */,
				94E0E7F520471871005BF9DD /* SimpleVertex.glsl */,
				94E0E7F3204717C5005BF9DD /* Vertex.swift */,
				94E0E7F920472158005BF9DD /* BaseEffect.swift */,
				94E0E7DC2045C21D005BF9DD /* SwiftGLKViewController.swift */,
			);
			path = "Swift OpenGL";
			sourceTree = "<group>";
		};
		948A463A205B342800C62EF8 /* C++ OpenGL */ = {
			isa = PBXGroup;
			children = (
				948A4641205B348400C62EF8 /* fragment.glsl */,
				948A463E205B348400C62EF8 /* Shader.cpp */,
				948A463F205B348400C62EF8 /* Shader.hpp */,
				948A463D205B348400C62EF8 /* Triangle.cpp */,
				948A463C205B348400C62EF8 /* Triangle.hpp */,
				948A4640205B348400C62EF8 /* vertex.glsl */,
				948A4637205B19B500C62EF8 /* CPlusPlusGLKViewController.swift */,
			);
			path = "C++ OpenGL";
			sourceTree = "<group>";
		};
		94E0E7CE2045C21D005BF9DD = {
			isa = PBXGroup;
			children = (
				94E0E7D92045C21D005BF9DD /* OpenGLAprendiendo-iOS */,
				94E0E7D82045C21D005BF9DD /* Products */,
				94E0E7EF2045C394005BF9DD /* Frameworks */,
			);
			sourceTree = "<group>";
		};
		94E0E7D82045C21D005BF9DD /* Products */ = {
			isa = PBXGroup;
			children = (
				94E0E7D72045C21D005BF9DD /* OpenGLAprendiendo-iOS.app */,
			);
			name = Products;
			sourceTree = "<group>";
		};
		94E0E7D92045C21D005BF9DD /* OpenGLAprendiendo-iOS */ = {
			isa = PBXGroup;
			children = (
				948A463A205B342800C62EF8 /* C++ OpenGL */,
				948A4639205B341C00C62EF8 /* Swift OpenGL */,
				94E0E7F2204717AC005BF9DD /* Resources */,
				94E0E7DA2045C21D005BF9DD /* AppDelegate.swift */,
				948A463B205B348300C62EF8 /* OpenGLAprendiendo-iOS-Bridging-Header.h */,
			);
			path = "OpenGLAprendiendo-iOS";
			sourceTree = "<group>";
		};
		94E0E7EF2045C394005BF9DD /* Frameworks */ = {
			isa = PBXGroup;
			children = (
				94E0E7F02045C395005BF9DD /* OpenGLES.framework */,
			);
			name = Frameworks;
			sourceTree = "<group>";
		};
		94E0E7F2204717AC005BF9DD /* Resources */ = {
			isa = PBXGroup;
			children = (
				94E0E7DE2045C21D005BF9DD /* Main.storyboard */,
				94E0E7E12045C21D005BF9DD /* Assets.xcassets */,
				94E0E7E32045C21D005BF9DD /* LaunchScreen.storyboard */,
				94E0E7E62045C21D005BF9DD /* Info.plist */,
			);
			path = Resources;
			sourceTree = "<group>";
		};
/* End PBXGroup section */

/* Begin PBXNativeTarget section */
		94E0E7D62045C21D005BF9DD /* OpenGLAprendiendo-iOS */ = {
			isa = PBXNativeTarget;
			buildConfigurationList = 94E0E7E92045C21D005BF9DD /* Build configuration list for PBXNativeTarget "OpenGLAprendiendo-iOS" */;
			buildPhases = (
				94E0E7D32045C21D005BF9DD /* Sources */,
				94E0E7D42045C21D005BF9DD /* Frameworks */,
				94E0E7D52045C21D005BF9DD /* Resources */,
			);
			buildRules = (
			);
			dependencies = (
			);
			name = "OpenGLAprendiendo-iOS";
			productName = "OpenGLAprendiendo-iOS";
			productReference = 94E0E7D72045C21D005BF9DD /* OpenGLAprendiendo-iOS.app */;
			productType = "com.apple.product-type.application";
		};
/* End PBXNativeTarget section */

/* Begin PBXProject section */
		94E0E7CF2045C21D005BF9DD /* Project object */ = {
			isa = PBXProject;
			attributes = {
				LastSwiftUpdateCheck = 0920;
				LastUpgradeCheck = 0920;
				ORGANIZATIONNAME = rkb;
				TargetAttributes = {
					94E0E7D62045C21D005BF9DD = {
						CreatedOnToolsVersion = 9.2;
						LastSwiftMigration = 0920;
						ProvisioningStyle = Manual;
					};
				};
			};
			buildConfigurationList = 94E0E7D22045C21D005BF9DD /* Build configuration list for PBXProject "OpenGLAprendiendo-iOS" */;
			compatibilityVersion = "Xcode 8.0";
			developmentRegion = en;
			hasScannedForEncodings = 0;
			knownRegions = (
				en,
				Base,
			);
			mainGroup = 94E0E7CE2045C21D005BF9DD;
			productRefGroup = 94E0E7D82045C21D005BF9DD /* Products */;
			projectDirPath = "";
			projectRoot = "";
			targets = (
				94E0E7D62045C21D005BF9DD /* OpenGLAprendiendo-iOS */,
			);
		};
/* End PBXProject section */

/* Begin PBXResourcesBuildPhase section */
		94E0E7D52045C21D005BF9DD /* Resources */ = {
			isa = PBXResourcesBuildPhase;
			buildActionMask = 2147483647;
			files = (
				94E0E7E52045C21D005BF9DD /* LaunchScreen.storyboard in Resources */,
				94E0E7F620471871005BF9DD /* SimpleVertex.glsl in Resources */,
				94E0E7E22045C21D005BF9DD /* Assets.xcassets in Resources */,
				948A4644205B348400C62EF8 /* vertex.glsl in Resources */,
				94E0E7E02045C21D005BF9DD /* Main.storyboard in Resources */,
				948A4645205B348400C62EF8 /* fragment.glsl in Resources */,
				94E0E7F820471881005BF9DD /* SimpleFragment.glsl in Resources */,
			);
			runOnlyForDeploymentPostprocessing = 0;
		};
/* End PBXResourcesBuildPhase section */

/* Begin PBXSourcesBuildPhase section */
		94E0E7D32045C21D005BF9DD /* Sources */ = {
			isa = PBXSourcesBuildPhase;
			buildActionMask = 2147483647;
			files = (
				94E0E7DD2045C21D005BF9DD /* SwiftGLKViewController.swift in Sources */,
				948A4642205B348400C62EF8 /* Triangle.cpp in Sources */,
				94E0E7DB2045C21D005BF9DD /* AppDelegate.swift in Sources */,
				94E0E7F4204717C5005BF9DD /* Vertex.swift in Sources */,
				948A4643205B348400C62EF8 /* Shader.cpp in Sources */,
				94E0E7FA20472158005BF9DD /* BaseEffect.swift in Sources */,
				948A4638205B19B500C62EF8 /* CPlusPlusGLKViewController.swift in Sources */,
			);
			runOnlyForDeploymentPostprocessing = 0;
		};
/* End PBXSourcesBuildPhase section */

/* Begin PBXVariantGroup section */
		94E0E7DE2045C21D005BF9DD /* Main.storyboard */ = {
			isa = PBXVariantGroup;
			children = (
				94E0E7DF2045C21D005BF9DD /* Base */,
			);
			name = Main.storyboard;
			sourceTree = "<group>";
		};
		94E0E7E32045C21D005BF9DD /* LaunchScreen.storyboard */ = {
			isa = PBXVariantGroup;
			children = (
				94E0E7E42045C21D005BF9DD /* Base */,
			);
			name = LaunchScreen.storyboard;
			sourceTree = "<group>";
		};
/* End PBXVariantGroup section */

/* Begin XCBuildConfiguration section */
		94E0E7E72045C21D005BF9DD /* Debug */ = {
			isa = XCBuildConfiguration;
			buildSettings = {
				ALWAYS_SEARCH_USER_PATHS = NO;
				CLANG_ANALYZER_NONNULL = YES;
				CLANG_ANALYZER_NUMBER_OBJECT_CONVERSION = YES_AGGRESSIVE;
				CLANG_CXX_LANGUAGE_STANDARD = "gnu++14";
				CLANG_CXX_LIBRARY = "libc++";
				CLANG_ENABLE_MODULES = YES;
				CLANG_ENABLE_OBJC_ARC = YES;
				CLANG_WARN_BLOCK_CAPTURE_AUTORELEASING = YES;
				CLANG_WARN_BOOL_CONVERSION = YES;
				CLANG_WARN_COMMA = YES;
				CLANG_WARN_CONSTANT_CONVERSION = YES;
				CLANG_WARN_DIRECT_OBJC_ISA_USAGE = YES_ERROR;
				CLANG_WARN_DOCUMENTATION_COMMENTS = YES;
				CLANG_WARN_EMPTY_BODY = YES;
				CLANG_WARN_ENUM_CONVERSION = YES;
				CLANG_WARN_INFINITE_RECURSION = YES;
				CLANG_WARN_INT_CONVERSION = YES;
				CLANG_WARN_NON_LITERAL_NULL_CONVERSION = YES;
				CLANG_WARN_OBJC_LITERAL_CONVERSION = YES;
				CLANG_WARN_OBJC_ROOT_CLASS = YES_ERROR;
				CLANG_WARN_RANGE_LOOP_ANALYSIS = YES;
				CLANG_WARN_STRICT_PROTOTYPES = YES;
				CLANG_WARN_SUSPICIOUS_MOVE = YES;
				CLANG_WARN_UNGUARDED_AVAILABILITY = YES_AGGRESSIVE;
				CLANG_WARN_UNREACHABLE_CODE = YES;
				CLANG_WARN__DUPLICATE_METHOD_MATCH = YES;
				CODE_SIGN_IDENTITY = "iPhone Developer";
				COPY_PHASE_STRIP = NO;
				DEBUG_INFORMATION_FORMAT = dwarf;
				ENABLE_STRICT_OBJC_MSGSEND = YES;
				ENABLE_TESTABILITY = YES;
				GCC_C_LANGUAGE_STANDARD = gnu11;
				GCC_DYNAMIC_NO_PIC = NO;
				GCC_NO_COMMON_BLOCKS = YES;
				GCC_OPTIMIZATION_LEVEL = 0;
				GCC_PREPROCESSOR_DEFINITIONS = (
					"DEBUG=1",
					"$(inherited)",
				);
				GCC_WARN_64_TO_32_BIT_CONVERSION = YES;
				GCC_WARN_ABOUT_RETURN_TYPE = YES_ERROR;
				GCC_WARN_UNDECLARED_SELECTOR = YES;
				GCC_WARN_UNINITIALIZED_AUTOS = YES_AGGRESSIVE;
				GCC_WARN_UNUSED_FUNCTION = YES;
				GCC_WARN_UNUSED_VARIABLE = YES;
				IPHONEOS_DEPLOYMENT_TARGET = 11.2;
				MTL_ENABLE_DEBUG_INFO = YES;
				ONLY_ACTIVE_ARCH = YES;
				SDKROOT = iphoneos;
				SWIFT_ACTIVE_COMPILATION_CONDITIONS = DEBUG;
				SWIFT_OPTIMIZATION_LEVEL = "-Onone";
			};
			name = Debug;
		};
		94E0E7E82045C21D005BF9DD /* Release */ = {
			isa = XCBuildConfiguration;
			buildSettings = {
				ALWAYS_SEARCH_USER_PATHS = NO;
				CLANG_ANALYZER_NONNULL = YES;
				CLANG_ANALYZER_NUMBER_OBJECT_CONVERSION = YES_AGGRESSIVE;
				CLANG_CXX_LANGUAGE_STANDARD = "gnu++14";
				CLANG_CXX_LIBRARY = "libc++";
				CLANG_ENABLE_MODULES = YES;
				CLANG_ENABLE_OBJC_ARC = YES;
				CLANG_WARN_BLOCK_CAPTURE_AUTORELEASING = YES;
				CLANG_WARN_BOOL_CONVERSION = YES;
				CLANG_WARN_COMMA = YES;
				CLANG_WARN_CONSTANT_CONVERSION = YES;
				CLANG_WARN_DIRECT_OBJC_ISA_USAGE = YES_ERROR;
				CLANG_WARN_DOCUMENTATION_COMMENTS = YES;
				CLANG_WARN_EMPTY_BODY = YES;
				CLANG_WARN_ENUM_CONVERSION = YES;
				CLANG_WARN_INFINITE_RECURSION = YES;
				CLANG_WARN_INT_CONVERSION = YES;
				CLANG_WARN_NON_LITERAL_NULL_CONVERSION = YES;
				CLANG_WARN_OBJC_LITERAL_CONVERSION = YES;
				CLANG_WARN_OBJC_ROOT_CLASS = YES_ERROR;
				CLANG_WARN_RANGE_LOOP_ANALYSIS = YES;
				CLANG_WARN_STRICT_PROTOTYPES = YES;
				CLANG_WARN_SUSPICIOUS_MOVE = YES;
				CLANG_WARN_UNGUARDED_AVAILABILITY = YES_AGGRESSIVE;
				CLANG_WARN_UNREACHABLE_CODE = YES;
				CLANG_WARN__DUPLICATE_METHOD_MATCH = YES;
				CODE_SIGN_IDENTITY = "iPhone Developer";
				COPY_PHASE_STRIP = NO;
				DEBUG_INFORMATION_FORMAT = "dwarf-with-dsym";
				ENABLE_NS_ASSERTIONS = NO;
				ENABLE_STRICT_OBJC_MSGSEND = YES;
				GCC_C_LANGUAGE_STANDARD = gnu11;
				GCC_NO_COMMON_BLOCKS = YES;
				GCC_WARN_64_TO_32_BIT_CONVERSION = YES;
				GCC_WARN_ABOUT_RETURN_TYPE = YES_ERROR;
				GCC_WARN_UNDECLARED_SELECTOR = YES;
				GCC_WARN_UNINITIALIZED_AUTOS = YES_AGGRESSIVE;
				GCC_WARN_UNUSED_FUNCTION = YES;
				GCC_WARN_UNUSED_VARIABLE = YES;
				IPHONEOS_DEPLOYMENT_TARGET = 11.2;
				MTL_ENABLE_DEBUG_INFO = NO;
				SDKROOT = iphoneos;
				SWIFT_OPTIMIZATION_LEVEL = "-Owholemodule";
				VALIDATE_PRODUCT = YES;
			};
			name = Release;
		};
		94E0E7EA2045C21D005BF9DD /* Debug */ = {
			isa = XCBuildConfiguration;
			buildSettings = {
				ASSETCATALOG_COMPILER_APPICON_NAME = AppIcon;
				CLANG_ENABLE_MODULES = YES;
				CODE_SIGN_STYLE = Manual;
				DEVELOPMENT_TEAM = "";
				INFOPLIST_FILE = "OpenGLAprendiendo-iOS/Info.plist";
				LD_RUNPATH_SEARCH_PATHS = "$(inherited) @executable_path/Frameworks";
				PRODUCT_BUNDLE_IDENTIFIER = "rkb.OpenGLAprendiendo-iOS";
				PRODUCT_NAME = "$(TARGET_NAME)";
				PROVISIONING_PROFILE_SPECIFIER = "";
				SWIFT_OBJC_BRIDGING_HEADER = "OpenGLAprendiendo-iOS/C++ OpenGL/OpenGLAprendiendo-iOS-Bridging-Header.h";
				SWIFT_OPTIMIZATION_LEVEL = "-Onone";
				SWIFT_VERSION = 4.0;
				TARGETED_DEVICE_FAMILY = "1,2";
			};
			name = Debug;
		};
		94E0E7EB2045C21D005BF9DD /* Release */ = {
			isa = XCBuildConfiguration;
			buildSettings = {
				ASSETCATALOG_COMPILER_APPICON_NAME = AppIcon;
				CLANG_ENABLE_MODULES = YES;
				CODE_SIGN_STYLE = Manual;
				DEVELOPMENT_TEAM = "";
				INFOPLIST_FILE = "OpenGLAprendiendo-iOS/Info.plist";
				LD_RUNPATH_SEARCH_PATHS = "$(inherited) @executable_path/Frameworks";
				PRODUCT_BUNDLE_IDENTIFIER = "rkb.OpenGLAprendiendo-iOS";
				PRODUCT_NAME = "$(TARGET_NAME)";
				PROVISIONING_PROFILE_SPECIFIER = "";
				SWIFT_OBJC_BRIDGING_HEADER = "OpenGLAprendiendo-iOS/C++ OpenGL/OpenGLAprendiendo-iOS-Bridging-Header.h";
				SWIFT_VERSION = 4.0;
				TARGETED_DEVICE_FAMILY = "1,2";
			};
			name = Release;
		};
/* End XCBuildConfiguration section */

/* Begin XCConfigurationList section */
		94E0E7D22045C21D005BF9DD /* Build configuration list for PBXProject "OpenGLAprendiendo-iOS" */ = {
			isa = XCConfigurationList;
			buildConfigurations = (
				94E0E7E72045C21D005BF9DD /* Debug */,
				94E0E7E82045C21D005BF9DD /* Release */,
			);
			defaultConfigurationIsVisible = 0;
			defaultConfigurationName = Release;
		};
		94E0E7E92045C21D005BF9DD /* Build configuration list for PBXNativeTarget "OpenGLAprendiendo-iOS" */ = {
			isa = XCConfigurationList;
			buildConfigurations = (
				94E0E7EA2045C21D005BF9DD /* Debug */,
				94E0E7EB2045C21D005BF9DD /* Release */,
			);
			defaultConfigurationIsVisible = 0;
			defaultConfigurationName = Release;
		};
/* End XCConfigurationList section */
	};
	rootObject = 94E0E7CF2045C21D005BF9DD /* Project object */;
}
